
Microsoft Visual Studio Solution File, Format Version 12.00
# Visual Studio Version 17
VisualStudioVersion = 17.0.32112.339
MinimumVisualStudioVersion = 10.0.40219.1
Project("{FAE04EC0-301F-11D3-BF4B-00C04F79EFBC}") = "ltddnc_backend", "ltddnc_backend\ltddnc_backend.csproj", "{E75CAF76-5595-44C7-B430-B518DC0B53CD}"
EndProject
Global
	GlobalSection(SolutionConfigurationPlatforms) = preSolution
		Debug|Any CPU = Debug|Any CPU
		Release|Any CPU = Release|Any CPU
	EndGlobalSection
	GlobalSection(ProjectConfigurationPlatforms) = postSolution
		{E75CAF76-5595-44C7-B430-B518DC0B53CD}.Debug|Any CPU.ActiveCfg = Debug|Any CPU
		{E75CAF76-5595-44C7-B430-B518DC0B53CD}.Debug|Any CPU.Build.0 = Debug|Any CPU
		{E75CAF76-5595-44C7-B430-B518DC0B53CD}.Release|Any CPU.ActiveCfg = Release|Any CPU
		{E75CAF76-5595-44C7-B430-B518DC0B53CD}.Release|Any CPU.Build.0 = Release|Any CPU
	EndGlobalSection
	GlobalSection(SolutionProperties) = preSolution
		HideSolutionNode = FALSE
	EndGlobalSection
	GlobalSection(ExtensibilityGlobals) = postSolution
		SolutionGuid = {D512FA2D-97F1-48F1-94C7-D954382B73C9}
	EndGlobalSection
EndGlobal
